schema: '2.0'
stages:
  load_data:
    cmd: python src/load_data.py --config=params.yaml
    deps:
    - path: data_given/winequality.csv
      md5: ccc8d3507eb151f53f760d36abdef888
      size: 91998
    - path: src/get_data.py
      md5: 261184ff9115f025dd9846716f6bb73d
      size: 720
    - path: src/load_data.py
      md5: bd0d98248fab55693ec0526c8894b1d6
      size: 771
    outs:
    - path: data/raw/winequality.csv
      md5: dcb9f7736a81b73cf4cf803b5ef3f07e
      size: 102550
  split_data:
    cmd: python src/split_data.py --config=params.yaml
    deps:
    - path: data/raw/winequality.csv
      md5: dcb9f7736a81b73cf4cf803b5ef3f07e
      size: 102550
    - path: src/split_data.py
      md5: d99a34964b8f0f3a0e00774c889502cb
      size: 1007
    outs:
    - path: data/processed/test_winequality.csv
      md5: 5787b15b8bb42aa53b817010d433f041
      size: 19422
    - path: data/processed/train_winequality.csv
      md5: e320178d92172ce1a1cbcbe92e6bdfa1
      size: 77345
