schema: '2.0'
stages:
  load_data:
    cmd: python src/load_data.py --config=params.yaml
    deps:
    - path: data_given/winequality.csv
      md5: ccc8d3507eb151f53f760d36abdef888
      size: 91998
    - path: src/get_data.py
      md5: 6cdd5ce51bba01e2b3c526e9885dc0dc
      size: 714
    - path: src/load_data.py
      md5: bd0d98248fab55693ec0526c8894b1d6
      size: 771
    outs:
    - path: data/raw/winequality.csv
      md5: dcb9f7736a81b73cf4cf803b5ef3f07e
      size: 102550
